{
  "requires": true,
  "lockfileVersion": 1,
  "dependencies": {
    "agentkeepalive": {
      "version": "2.2.0",
      "resolved": "https://registry.npmjs.org/agentkeepalive/-/agentkeepalive-2.2.0.tgz",
      "integrity": "sha1-xdG9SxKQCPEWPyNvhuX66iAm4u8="
    },
    "async-limiter": {
      "version": "1.0.1",
      "resolved": "https://registry.npmjs.org/async-limiter/-/async-limiter-1.0.1.tgz",
      "integrity": "sha512-csOlWGAcRFJaI6m+F2WKdnMKr4HhdhFVBk0H/QbJFMCr+uO2kwohwXQPxw/9OCxp05r5ghVBFSyioixx3gfkNQ=="
    },
    "sendbird": {
      "version": "3.0.117",
      "resolved": "https://registry.npmjs.org/sendbird/-/sendbird-3.0.117.tgz",
      "integrity": "sha512-MwpZTfh86hgSftXN+McIWdqKEbqK241OlRx1KEN9V3RzwHdN4cjEebAGU4Z3NaHsIgSlF2pDlopkgl7+cqvlkA==",
      "requires": {
        "agentkeepalive": "2.2.0",
        "ws": "6.0.0",
        "xhr2": "0.1.4"
      }
    },
    "ws": {
      "version": "6.0.0",
      "resolved": "https://registry.npmjs.org/ws/-/ws-6.0.0.tgz",
      "integrity": "sha512-c2UlYcAZp1VS8AORtpq6y4RJIkJ9dQz18W32SpR/qXGfLDZ2jU4y4wKvvZwqbi7U6gxFQTeE+urMbXU/tsDy4w==",
      "requires": {
        "async-limiter": "~1.0.0"
      }
    },
    "xhr2": {
      "version": "0.1.4",
      "resolved": "https://registry.npmjs.org/xhr2/-/xhr2-0.1.4.tgz",
      "integrity": "sha1-f4dliEdxbbUCYyOBL4GMras4el8="
    }
  }
}
